
Microsoft Visual Studio Solution File, Format Version 12.00
# Visual Studio Version 17
VisualStudioVersion = 17.2.32616.157
MinimumVisualStudioVersion = 10.0.40219.1
Project("{9A19103F-16F7-4668-BE54-9A1E7A4F7556}") = "Api", "Api\Api.csproj", "{4904DE31-3ED5-4CCA-8C02-F196725D76E9}"
EndProject
Project("{9A19103F-16F7-4668-BE54-9A1E7A4F7556}") = "Rezept.Data", "Rezept.Data\Rezept.Data.csproj", "{4D976D35-F0E0-4966-BFD7-EF111D84A105}"
EndProject
Project("{9A19103F-16F7-4668-BE54-9A1E7A4F7556}") = "Rezept.DataLoader", "Rezept.DataLoader\Rezept.DataLoader.csproj", "{E0325CA9-E7DC-418A-9D21-96A7C95F6A94}"
EndProject
Project("{9A19103F-16F7-4668-BE54-9A1E7A4F7556}") = "Rezept.Api.Contracts", "Rezept.Api.Contracts\Rezept.Api.Contracts.csproj", "{E31AEB2A-E2F6-4F7D-A38B-B9808A2E3790}"
EndProject
Project("{9A19103F-16F7-4668-BE54-9A1E7A4F7556}") = "Rezept.Api.Services", "Rezept.Api.Services\Rezept.Api.Services.csproj", "{8A0E5445-EDBF-4626-B89E-09A9AD525C9C}"
EndProject
Project("{2150E333-8FDC-42A3-9474-1A3956D46DE8}") = "tests", "tests", "{260E6BFA-F446-4EEE-83A1-3D98342AB9FC}"
EndProject
Project("{FAE04EC0-301F-11D3-BF4B-00C04F79EFBC}") = "Rezept.DataLoader.Tests", "Rezept.DataLoader.Tests\Rezept.DataLoader.Tests.csproj", "{3914902C-57F8-4225-B2C0-F1D9E73F0DCE}"
EndProject
Global
	GlobalSection(SolutionConfigurationPlatforms) = preSolution
		Debug|Any CPU = Debug|Any CPU
		Release|Any CPU = Release|Any CPU
	EndGlobalSection
	GlobalSection(ProjectConfigurationPlatforms) = postSolution
		{4904DE31-3ED5-4CCA-8C02-F196725D76E9}.Debug|Any CPU.ActiveCfg = Debug|Any CPU
		{4904DE31-3ED5-4CCA-8C02-F196725D76E9}.Debug|Any CPU.Build.0 = Debug|Any CPU
		{4904DE31-3ED5-4CCA-8C02-F196725D76E9}.Release|Any CPU.ActiveCfg = Release|Any CPU
		{4904DE31-3ED5-4CCA-8C02-F196725D76E9}.Release|Any CPU.Build.0 = Release|Any CPU
		{4D976D35-F0E0-4966-BFD7-EF111D84A105}.Debug|Any CPU.ActiveCfg = Debug|Any CPU
		{4D976D35-F0E0-4966-BFD7-EF111D84A105}.Debug|Any CPU.Build.0 = Debug|Any CPU
		{4D976D35-F0E0-4966-BFD7-EF111D84A105}.Release|Any CPU.ActiveCfg = Release|Any CPU
		{4D976D35-F0E0-4966-BFD7-EF111D84A105}.Release|Any CPU.Build.0 = Release|Any CPU
		{E0325CA9-E7DC-418A-9D21-96A7C95F6A94}.Debug|Any CPU.ActiveCfg = Debug|Any CPU
		{E0325CA9-E7DC-418A-9D21-96A7C95F6A94}.Debug|Any CPU.Build.0 = Debug|Any CPU
		{E0325CA9-E7DC-418A-9D21-96A7C95F6A94}.Release|Any CPU.ActiveCfg = Release|Any CPU
		{E0325CA9-E7DC-418A-9D21-96A7C95F6A94}.Release|Any CPU.Build.0 = Release|Any CPU
		{E31AEB2A-E2F6-4F7D-A38B-B9808A2E3790}.Debug|Any CPU.ActiveCfg = Debug|Any CPU
		{E31AEB2A-E2F6-4F7D-A38B-B9808A2E3790}.Debug|Any CPU.Build.0 = Debug|Any CPU
		{E31AEB2A-E2F6-4F7D-A38B-B9808A2E3790}.Release|Any CPU.ActiveCfg = Release|Any CPU
		{E31AEB2A-E2F6-4F7D-A38B-B9808A2E3790}.Release|Any CPU.Build.0 = Release|Any CPU
		{8A0E5445-EDBF-4626-B89E-09A9AD525C9C}.Debug|Any CPU.ActiveCfg = Debug|Any CPU
		{8A0E5445-EDBF-4626-B89E-09A9AD525C9C}.Debug|Any CPU.Build.0 = Debug|Any CPU
		{8A0E5445-EDBF-4626-B89E-09A9AD525C9C}.Release|Any CPU.ActiveCfg = Release|Any CPU
		{8A0E5445-EDBF-4626-B89E-09A9AD525C9C}.Release|Any CPU.Build.0 = Release|Any CPU
		{3914902C-57F8-4225-B2C0-F1D9E73F0DCE}.Debug|Any CPU.ActiveCfg = Debug|Any CPU
		{3914902C-57F8-4225-B2C0-F1D9E73F0DCE}.Debug|Any CPU.Build.0 = Debug|Any CPU
		{3914902C-57F8-4225-B2C0-F1D9E73F0DCE}.Release|Any CPU.ActiveCfg = Release|Any CPU
		{3914902C-57F8-4225-B2C0-F1D9E73F0DCE}.Release|Any CPU.Build.0 = Release|Any CPU
	EndGlobalSection
	GlobalSection(SolutionProperties) = preSolution
		HideSolutionNode = FALSE
	EndGlobalSection
	GlobalSection(NestedProjects) = preSolution
		{3914902C-57F8-4225-B2C0-F1D9E73F0DCE} = {260E6BFA-F446-4EEE-83A1-3D98342AB9FC}
	EndGlobalSection
	GlobalSection(ExtensibilityGlobals) = postSolution
		SolutionGuid = {B799D455-F31D-4C2C-A315-6F7F0A1E82FB}
	EndGlobalSection
EndGlobal
